
Microsoft Visual Studio Solution File, Format Version 12.00
# Visual Studio 15
VisualStudioVersion = 15.0.26124.0
MinimumVisualStudioVersion = 15.0.26124.0
Project("{2150E333-8FDC-42A3-9474-1A3956D46DE8}") = "src", "src", "{1437BFA1-DAC0-4B0A-8F00-BF1EB5BF1E8E}"
EndProject
Project("{FAE04EC0-301F-11D3-BF4B-00C04F79EFBC}") = "Noctools.Domain", "src\Domain\Noctools.Domain\Noctools.Domain.csproj", "{706052C2-4AC5-4B1C-9A0F-5C18392102E8}"
EndProject
Project("{FAE04EC0-301F-11D3-BF4B-00C04F79EFBC}") = "Noctools.Utils", "src\Noctools.Utils\Noctools.Utils.csproj", "{E5EC05DC-1D8A-48F8-B8AA-C6A69E00F54A}"
EndProject
Project("{2150E333-8FDC-42A3-9474-1A3956D46DE8}") = "templates", "templates", "{A7A8C6F0-D7DB-4069-9E84-52E00F9E0B12}"
EndProject
Project("{2150E333-8FDC-42A3-9474-1A3956D46DE8}") = "samples", "samples", "{CB21ADB4-73BC-45D6-B48C-DBFCDF513134}"
EndProject
Project("{FAE04EC0-301F-11D3-BF4B-00C04F79EFBC}") = "Noctools.Infrastructure", "src\Infrastructure\Noctools.Infrastructure\Noctools.Infrastructure.csproj", "{9FBAB53C-0E55-471C-9F41-C9DCBE4855BC}"
EndProject
Project("{2150E333-8FDC-42A3-9474-1A3956D46DE8}") = "Application", "Application", "{28C0D0F1-134A-4198-8BA4-F52EBB537788}"
EndProject
Project("{FAE04EC0-301F-11D3-BF4B-00C04F79EFBC}") = "Noctools.Application", "src\Application\Noctools.Application\Noctools.Application.csproj", "{4C5BFD91-D8E7-4561-8D2E-EB6571DCA04A}"
EndProject
Project("{FAE04EC0-301F-11D3-BF4B-00C04F79EFBC}") = "Noctools.Application.CleanArch", "src\Application\Noctools.Application.CleanArch\Noctools.Application.CleanArch.csproj", "{BC6253F5-7815-43C4-B5AB-BA07FB42BD0A}"
EndProject
Project("{FAE04EC0-301F-11D3-BF4B-00C04F79EFBC}") = "Noctools.Application.Microservice", "src\Application\Noctools.Application.Microservice\Noctools.Application.Microservice.csproj", "{D7A0BFC1-359E-4D4D-B61E-9E154C6CF612}"
EndProject
Project("{FAE04EC0-301F-11D3-BF4B-00C04F79EFBC}") = "Noctools.Application.OpenApi", "src\Application\Noctools.Application.OpenApi\Noctools.Application.OpenApi.csproj", "{8D9F27C6-BDF0-42D1-81E2-D18B5E002297}"
EndProject
Project("{FAE04EC0-301F-11D3-BF4B-00C04F79EFBC}") = "Noctools.Bus", "src\Infrastructure\Bus\Noctools.Bus\Noctools.Bus.csproj", "{758C2DC0-3968-4CFB-B698-DE8D70F6B1C3}"
EndProject
Project("{FAE04EC0-301F-11D3-BF4B-00C04F79EFBC}") = "Noctools.Elasticsearch", "src\Infrastructure\Persistence\Noctools.Elasticsearch\Noctools.Elasticsearch.csproj", "{F017DF47-5A42-491C-AF50-F55ED8124367}"
EndProject
Project("{2150E333-8FDC-42A3-9474-1A3956D46DE8}") = "Infrastructure", "Infrastructure", "{4B8FF268-9A04-4646-868E-7B95438ED572}"
EndProject
Project("{2150E333-8FDC-42A3-9474-1A3956D46DE8}") = "Persistence", "Persistence", "{9BC3D51A-222E-432E-B9CB-BFA2E3BF593D}"
EndProject
Project("{2150E333-8FDC-42A3-9474-1A3956D46DE8}") = "Bus", "Bus", "{84F457F3-09EC-45F0-A775-2833EFEC8DB9}"
EndProject
Project("{2150E333-8FDC-42A3-9474-1A3956D46DE8}") = "Domain", "Domain", "{0381CA09-C54E-4C90-95E9-84CDD312D6F5}"
EndProject
Project("{FAE04EC0-301F-11D3-BF4B-00C04F79EFBC}") = "Noctools.EntityFramework", "src\Infrastructure\Persistence\Noctools.EntityFramework\Noctools.EntityFramework.csproj", "{187778EA-5F73-4240-AF09-0F4965ABE4C9}"
EndProject
Project("{FAE04EC0-301F-11D3-BF4B-00C04F79EFBC}") = "Noctools.RestTemplate.Standard", "templates\Noctools.RestTemplate.Standard\Noctools.RestTemplate.Standard.csproj", "{C80EDB6C-D42B-49E0-B1E4-1F18B8A62B3C}"
EndProject
Project("{FAE04EC0-301F-11D3-BF4B-00C04F79EFBC}") = "Noctools.RestTemplate.Elasticsearch", "templates\Noctools.RestTemplate.Elasticsearch\Noctools.RestTemplate.Elasticsearch.csproj", "{81B99793-4806-4098-8677-4C2238F38AC9}"
EndProject
Project("{FAE04EC0-301F-11D3-BF4B-00C04F79EFBC}") = "Noctools.TnMon.Api", "samples\Noctools.TnMon.Api\Noctools.TnMon.Api.csproj", "{31EA9791-A4A8-4DB4-B232-F4C415D164C9}"
EndProject
Project("{FAE04EC0-301F-11D3-BF4B-00C04F79EFBC}") = "Noctools.Influx.Api", "samples\Noctools.Influx.Api\Noctools.Influx.Api.csproj", "{B64085ED-37D6-4606-A869-9AF071151818}"
EndProject
Project("{FAE04EC0-301F-11D3-BF4B-00C04F79EFBC}") = "Noctools.Zabbix.Api", "samples\Noctools.Zabbix.Api\Noctools.Zabbix.Api.csproj", "{F3E6EE99-77C3-4607-91C5-5BFD47582689}"
EndProject
Global
	GlobalSection(SolutionConfigurationPlatforms) = preSolution
		Debug|Any CPU = Debug|Any CPU
		Debug|x64 = Debug|x64
		Debug|x86 = Debug|x86
		Release|Any CPU = Release|Any CPU
		Release|x64 = Release|x64
		Release|x86 = Release|x86
	EndGlobalSection
	GlobalSection(SolutionProperties) = preSolution
		HideSolutionNode = FALSE
	EndGlobalSection
	GlobalSection(NestedProjects) = preSolution
		{E5EC05DC-1D8A-48F8-B8AA-C6A69E00F54A} = {1437BFA1-DAC0-4B0A-8F00-BF1EB5BF1E8E}
		{28C0D0F1-134A-4198-8BA4-F52EBB537788} = {1437BFA1-DAC0-4B0A-8F00-BF1EB5BF1E8E}
		{4C5BFD91-D8E7-4561-8D2E-EB6571DCA04A} = {28C0D0F1-134A-4198-8BA4-F52EBB537788}
		{BC6253F5-7815-43C4-B5AB-BA07FB42BD0A} = {28C0D0F1-134A-4198-8BA4-F52EBB537788}
		{D7A0BFC1-359E-4D4D-B61E-9E154C6CF612} = {28C0D0F1-134A-4198-8BA4-F52EBB537788}
		{8D9F27C6-BDF0-42D1-81E2-D18B5E002297} = {28C0D0F1-134A-4198-8BA4-F52EBB537788}
		{4B8FF268-9A04-4646-868E-7B95438ED572} = {1437BFA1-DAC0-4B0A-8F00-BF1EB5BF1E8E}
		{9FBAB53C-0E55-471C-9F41-C9DCBE4855BC} = {4B8FF268-9A04-4646-868E-7B95438ED572}
		{9BC3D51A-222E-432E-B9CB-BFA2E3BF593D} = {4B8FF268-9A04-4646-868E-7B95438ED572}
		{F017DF47-5A42-491C-AF50-F55ED8124367} = {9BC3D51A-222E-432E-B9CB-BFA2E3BF593D}
		{84F457F3-09EC-45F0-A775-2833EFEC8DB9} = {4B8FF268-9A04-4646-868E-7B95438ED572}
		{758C2DC0-3968-4CFB-B698-DE8D70F6B1C3} = {84F457F3-09EC-45F0-A775-2833EFEC8DB9}
		{0381CA09-C54E-4C90-95E9-84CDD312D6F5} = {1437BFA1-DAC0-4B0A-8F00-BF1EB5BF1E8E}
		{706052C2-4AC5-4B1C-9A0F-5C18392102E8} = {0381CA09-C54E-4C90-95E9-84CDD312D6F5}
		{187778EA-5F73-4240-AF09-0F4965ABE4C9} = {9BC3D51A-222E-432E-B9CB-BFA2E3BF593D}
		{C80EDB6C-D42B-49E0-B1E4-1F18B8A62B3C} = {A7A8C6F0-D7DB-4069-9E84-52E00F9E0B12}
		{81B99793-4806-4098-8677-4C2238F38AC9} = {A7A8C6F0-D7DB-4069-9E84-52E00F9E0B12}
		{31EA9791-A4A8-4DB4-B232-F4C415D164C9} = {CB21ADB4-73BC-45D6-B48C-DBFCDF513134}
		{B64085ED-37D6-4606-A869-9AF071151818} = {CB21ADB4-73BC-45D6-B48C-DBFCDF513134}
		{F3E6EE99-77C3-4607-91C5-5BFD47582689} = {CB21ADB4-73BC-45D6-B48C-DBFCDF513134}
	EndGlobalSection
	GlobalSection(ProjectConfigurationPlatforms) = postSolution
		{706052C2-4AC5-4B1C-9A0F-5C18392102E8}.Debug|Any CPU.ActiveCfg = Debug|Any CPU
		{706052C2-4AC5-4B1C-9A0F-5C18392102E8}.Debug|Any CPU.Build.0 = Debug|Any CPU
		{706052C2-4AC5-4B1C-9A0F-5C18392102E8}.Debug|x64.ActiveCfg = Debug|Any CPU
		{706052C2-4AC5-4B1C-9A0F-5C18392102E8}.Debug|x64.Build.0 = Debug|Any CPU
		{706052C2-4AC5-4B1C-9A0F-5C18392102E8}.Debug|x86.ActiveCfg = Debug|Any CPU
		{706052C2-4AC5-4B1C-9A0F-5C18392102E8}.Debug|x86.Build.0 = Debug|Any CPU
		{706052C2-4AC5-4B1C-9A0F-5C18392102E8}.Release|Any CPU.ActiveCfg = Release|Any CPU
		{706052C2-4AC5-4B1C-9A0F-5C18392102E8}.Release|Any CPU.Build.0 = Release|Any CPU
		{706052C2-4AC5-4B1C-9A0F-5C18392102E8}.Release|x64.ActiveCfg = Release|Any CPU
		{706052C2-4AC5-4B1C-9A0F-5C18392102E8}.Release|x64.Build.0 = Release|Any CPU
		{706052C2-4AC5-4B1C-9A0F-5C18392102E8}.Release|x86.ActiveCfg = Release|Any CPU
		{706052C2-4AC5-4B1C-9A0F-5C18392102E8}.Release|x86.Build.0 = Release|Any CPU
		{E5EC05DC-1D8A-48F8-B8AA-C6A69E00F54A}.Debug|Any CPU.ActiveCfg = Debug|Any CPU
		{E5EC05DC-1D8A-48F8-B8AA-C6A69E00F54A}.Debug|Any CPU.Build.0 = Debug|Any CPU
		{E5EC05DC-1D8A-48F8-B8AA-C6A69E00F54A}.Debug|x64.ActiveCfg = Debug|Any CPU
		{E5EC05DC-1D8A-48F8-B8AA-C6A69E00F54A}.Debug|x64.Build.0 = Debug|Any CPU
		{E5EC05DC-1D8A-48F8-B8AA-C6A69E00F54A}.Debug|x86.ActiveCfg = Debug|Any CPU
		{E5EC05DC-1D8A-48F8-B8AA-C6A69E00F54A}.Debug|x86.Build.0 = Debug|Any CPU
		{E5EC05DC-1D8A-48F8-B8AA-C6A69E00F54A}.Release|Any CPU.ActiveCfg = Release|Any CPU
		{E5EC05DC-1D8A-48F8-B8AA-C6A69E00F54A}.Release|Any CPU.Build.0 = Release|Any CPU
		{E5EC05DC-1D8A-48F8-B8AA-C6A69E00F54A}.Release|x64.ActiveCfg = Release|Any CPU
		{E5EC05DC-1D8A-48F8-B8AA-C6A69E00F54A}.Release|x64.Build.0 = Release|Any CPU
		{E5EC05DC-1D8A-48F8-B8AA-C6A69E00F54A}.Release|x86.ActiveCfg = Release|Any CPU
		{E5EC05DC-1D8A-48F8-B8AA-C6A69E00F54A}.Release|x86.Build.0 = Release|Any CPU
		{9FBAB53C-0E55-471C-9F41-C9DCBE4855BC}.Debug|Any CPU.ActiveCfg = Debug|Any CPU
		{9FBAB53C-0E55-471C-9F41-C9DCBE4855BC}.Debug|Any CPU.Build.0 = Debug|Any CPU
		{9FBAB53C-0E55-471C-9F41-C9DCBE4855BC}.Debug|x64.ActiveCfg = Debug|Any CPU
		{9FBAB53C-0E55-471C-9F41-C9DCBE4855BC}.Debug|x64.Build.0 = Debug|Any CPU
		{9FBAB53C-0E55-471C-9F41-C9DCBE4855BC}.Debug|x86.ActiveCfg = Debug|Any CPU
		{9FBAB53C-0E55-471C-9F41-C9DCBE4855BC}.Debug|x86.Build.0 = Debug|Any CPU
		{9FBAB53C-0E55-471C-9F41-C9DCBE4855BC}.Release|Any CPU.ActiveCfg = Release|Any CPU
		{9FBAB53C-0E55-471C-9F41-C9DCBE4855BC}.Release|Any CPU.Build.0 = Release|Any CPU
		{9FBAB53C-0E55-471C-9F41-C9DCBE4855BC}.Release|x64.ActiveCfg = Release|Any CPU
		{9FBAB53C-0E55-471C-9F41-C9DCBE4855BC}.Release|x64.Build.0 = Release|Any CPU
		{9FBAB53C-0E55-471C-9F41-C9DCBE4855BC}.Release|x86.ActiveCfg = Release|Any CPU
		{9FBAB53C-0E55-471C-9F41-C9DCBE4855BC}.Release|x86.Build.0 = Release|Any CPU
		{4C5BFD91-D8E7-4561-8D2E-EB6571DCA04A}.Debug|Any CPU.ActiveCfg = Debug|Any CPU
		{4C5BFD91-D8E7-4561-8D2E-EB6571DCA04A}.Debug|Any CPU.Build.0 = Debug|Any CPU
		{4C5BFD91-D8E7-4561-8D2E-EB6571DCA04A}.Debug|x64.ActiveCfg = Debug|Any CPU
		{4C5BFD91-D8E7-4561-8D2E-EB6571DCA04A}.Debug|x64.Build.0 = Debug|Any CPU
		{4C5BFD91-D8E7-4561-8D2E-EB6571DCA04A}.Debug|x86.ActiveCfg = Debug|Any CPU
		{4C5BFD91-D8E7-4561-8D2E-EB6571DCA04A}.Debug|x86.Build.0 = Debug|Any CPU
		{4C5BFD91-D8E7-4561-8D2E-EB6571DCA04A}.Release|Any CPU.ActiveCfg = Release|Any CPU
		{4C5BFD91-D8E7-4561-8D2E-EB6571DCA04A}.Release|Any CPU.Build.0 = Release|Any CPU
		{4C5BFD91-D8E7-4561-8D2E-EB6571DCA04A}.Release|x64.ActiveCfg = Release|Any CPU
		{4C5BFD91-D8E7-4561-8D2E-EB6571DCA04A}.Release|x64.Build.0 = Release|Any CPU
		{4C5BFD91-D8E7-4561-8D2E-EB6571DCA04A}.Release|x86.ActiveCfg = Release|Any CPU
		{4C5BFD91-D8E7-4561-8D2E-EB6571DCA04A}.Release|x86.Build.0 = Release|Any CPU
		{BC6253F5-7815-43C4-B5AB-BA07FB42BD0A}.Debug|Any CPU.ActiveCfg = Debug|Any CPU
		{BC6253F5-7815-43C4-B5AB-BA07FB42BD0A}.Debug|Any CPU.Build.0 = Debug|Any CPU
		{BC6253F5-7815-43C4-B5AB-BA07FB42BD0A}.Debug|x64.ActiveCfg = Debug|Any CPU
		{BC6253F5-7815-43C4-B5AB-BA07FB42BD0A}.Debug|x64.Build.0 = Debug|Any CPU
		{BC6253F5-7815-43C4-B5AB-BA07FB42BD0A}.Debug|x86.ActiveCfg = Debug|Any CPU
		{BC6253F5-7815-43C4-B5AB-BA07FB42BD0A}.Debug|x86.Build.0 = Debug|Any CPU
		{BC6253F5-7815-43C4-B5AB-BA07FB42BD0A}.Release|Any CPU.ActiveCfg = Release|Any CPU
		{BC6253F5-7815-43C4-B5AB-BA07FB42BD0A}.Release|Any CPU.Build.0 = Release|Any CPU
		{BC6253F5-7815-43C4-B5AB-BA07FB42BD0A}.Release|x64.ActiveCfg = Release|Any CPU
		{BC6253F5-7815-43C4-B5AB-BA07FB42BD0A}.Release|x64.Build.0 = Release|Any CPU
		{BC6253F5-7815-43C4-B5AB-BA07FB42BD0A}.Release|x86.ActiveCfg = Release|Any CPU
		{BC6253F5-7815-43C4-B5AB-BA07FB42BD0A}.Release|x86.Build.0 = Release|Any CPU
		{D7A0BFC1-359E-4D4D-B61E-9E154C6CF612}.Debug|Any CPU.ActiveCfg = Debug|Any CPU
		{D7A0BFC1-359E-4D4D-B61E-9E154C6CF612}.Debug|Any CPU.Build.0 = Debug|Any CPU
		{D7A0BFC1-359E-4D4D-B61E-9E154C6CF612}.Debug|x64.ActiveCfg = Debug|Any CPU
		{D7A0BFC1-359E-4D4D-B61E-9E154C6CF612}.Debug|x64.Build.0 = Debug|Any CPU
		{D7A0BFC1-359E-4D4D-B61E-9E154C6CF612}.Debug|x86.ActiveCfg = Debug|Any CPU
		{D7A0BFC1-359E-4D4D-B61E-9E154C6CF612}.Debug|x86.Build.0 = Debug|Any CPU
		{D7A0BFC1-359E-4D4D-B61E-9E154C6CF612}.Release|Any CPU.ActiveCfg = Release|Any CPU
		{D7A0BFC1-359E-4D4D-B61E-9E154C6CF612}.Release|Any CPU.Build.0 = Release|Any CPU
		{D7A0BFC1-359E-4D4D-B61E-9E154C6CF612}.Release|x64.ActiveCfg = Release|Any CPU
		{D7A0BFC1-359E-4D4D-B61E-9E154C6CF612}.Release|x64.Build.0 = Release|Any CPU
		{D7A0BFC1-359E-4D4D-B61E-9E154C6CF612}.Release|x86.ActiveCfg = Release|Any CPU
		{D7A0BFC1-359E-4D4D-B61E-9E154C6CF612}.Release|x86.Build.0 = Release|Any CPU
		{8D9F27C6-BDF0-42D1-81E2-D18B5E002297}.Debug|Any CPU.ActiveCfg = Debug|Any CPU
		{8D9F27C6-BDF0-42D1-81E2-D18B5E002297}.Debug|Any CPU.Build.0 = Debug|Any CPU
		{8D9F27C6-BDF0-42D1-81E2-D18B5E002297}.Debug|x64.ActiveCfg = Debug|Any CPU
		{8D9F27C6-BDF0-42D1-81E2-D18B5E002297}.Debug|x64.Build.0 = Debug|Any CPU
		{8D9F27C6-BDF0-42D1-81E2-D18B5E002297}.Debug|x86.ActiveCfg = Debug|Any CPU
		{8D9F27C6-BDF0-42D1-81E2-D18B5E002297}.Debug|x86.Build.0 = Debug|Any CPU
		{8D9F27C6-BDF0-42D1-81E2-D18B5E002297}.Release|Any CPU.ActiveCfg = Release|Any CPU
		{8D9F27C6-BDF0-42D1-81E2-D18B5E002297}.Release|Any CPU.Build.0 = Release|Any CPU
		{8D9F27C6-BDF0-42D1-81E2-D18B5E002297}.Release|x64.ActiveCfg = Release|Any CPU
		{8D9F27C6-BDF0-42D1-81E2-D18B5E002297}.Release|x64.Build.0 = Release|Any CPU
		{8D9F27C6-BDF0-42D1-81E2-D18B5E002297}.Release|x86.ActiveCfg = Release|Any CPU
		{8D9F27C6-BDF0-42D1-81E2-D18B5E002297}.Release|x86.Build.0 = Release|Any CPU
		{758C2DC0-3968-4CFB-B698-DE8D70F6B1C3}.Debug|Any CPU.ActiveCfg = Debug|Any CPU
		{758C2DC0-3968-4CFB-B698-DE8D70F6B1C3}.Debug|Any CPU.Build.0 = Debug|Any CPU
		{758C2DC0-3968-4CFB-B698-DE8D70F6B1C3}.Debug|x64.ActiveCfg = Debug|Any CPU
		{758C2DC0-3968-4CFB-B698-DE8D70F6B1C3}.Debug|x64.Build.0 = Debug|Any CPU
		{758C2DC0-3968-4CFB-B698-DE8D70F6B1C3}.Debug|x86.ActiveCfg = Debug|Any CPU
		{758C2DC0-3968-4CFB-B698-DE8D70F6B1C3}.Debug|x86.Build.0 = Debug|Any CPU
		{758C2DC0-3968-4CFB-B698-DE8D70F6B1C3}.Release|Any CPU.ActiveCfg = Release|Any CPU
		{758C2DC0-3968-4CFB-B698-DE8D70F6B1C3}.Release|Any CPU.Build.0 = Release|Any CPU
		{758C2DC0-3968-4CFB-B698-DE8D70F6B1C3}.Release|x64.ActiveCfg = Release|Any CPU
		{758C2DC0-3968-4CFB-B698-DE8D70F6B1C3}.Release|x64.Build.0 = Release|Any CPU
		{758C2DC0-3968-4CFB-B698-DE8D70F6B1C3}.Release|x86.ActiveCfg = Release|Any CPU
		{758C2DC0-3968-4CFB-B698-DE8D70F6B1C3}.Release|x86.Build.0 = Release|Any CPU
		{F017DF47-5A42-491C-AF50-F55ED8124367}.Debug|Any CPU.ActiveCfg = Debug|Any CPU
		{F017DF47-5A42-491C-AF50-F55ED8124367}.Debug|Any CPU.Build.0 = Debug|Any CPU
		{F017DF47-5A42-491C-AF50-F55ED8124367}.Debug|x64.ActiveCfg = Debug|Any CPU
		{F017DF47-5A42-491C-AF50-F55ED8124367}.Debug|x64.Build.0 = Debug|Any CPU
		{F017DF47-5A42-491C-AF50-F55ED8124367}.Debug|x86.ActiveCfg = Debug|Any CPU
		{F017DF47-5A42-491C-AF50-F55ED8124367}.Debug|x86.Build.0 = Debug|Any CPU
		{F017DF47-5A42-491C-AF50-F55ED8124367}.Release|Any CPU.ActiveCfg = Release|Any CPU
		{F017DF47-5A42-491C-AF50-F55ED8124367}.Release|Any CPU.Build.0 = Release|Any CPU
		{F017DF47-5A42-491C-AF50-F55ED8124367}.Release|x64.ActiveCfg = Release|Any CPU
		{F017DF47-5A42-491C-AF50-F55ED8124367}.Release|x64.Build.0 = Release|Any CPU
		{F017DF47-5A42-491C-AF50-F55ED8124367}.Release|x86.ActiveCfg = Release|Any CPU
		{F017DF47-5A42-491C-AF50-F55ED8124367}.Release|x86.Build.0 = Release|Any CPU
		{187778EA-5F73-4240-AF09-0F4965ABE4C9}.Debug|Any CPU.ActiveCfg = Debug|Any CPU
		{187778EA-5F73-4240-AF09-0F4965ABE4C9}.Debug|Any CPU.Build.0 = Debug|Any CPU
		{187778EA-5F73-4240-AF09-0F4965ABE4C9}.Debug|x64.ActiveCfg = Debug|Any CPU
		{187778EA-5F73-4240-AF09-0F4965ABE4C9}.Debug|x64.Build.0 = Debug|Any CPU
		{187778EA-5F73-4240-AF09-0F4965ABE4C9}.Debug|x86.ActiveCfg = Debug|Any CPU
		{187778EA-5F73-4240-AF09-0F4965ABE4C9}.Debug|x86.Build.0 = Debug|Any CPU
		{187778EA-5F73-4240-AF09-0F4965ABE4C9}.Release|Any CPU.ActiveCfg = Release|Any CPU
		{187778EA-5F73-4240-AF09-0F4965ABE4C9}.Release|Any CPU.Build.0 = Release|Any CPU
		{187778EA-5F73-4240-AF09-0F4965ABE4C9}.Release|x64.ActiveCfg = Release|Any CPU
		{187778EA-5F73-4240-AF09-0F4965ABE4C9}.Release|x64.Build.0 = Release|Any CPU
		{187778EA-5F73-4240-AF09-0F4965ABE4C9}.Release|x86.ActiveCfg = Release|Any CPU
		{187778EA-5F73-4240-AF09-0F4965ABE4C9}.Release|x86.Build.0 = Release|Any CPU
		{C80EDB6C-D42B-49E0-B1E4-1F18B8A62B3C}.Debug|Any CPU.ActiveCfg = Debug|Any CPU
		{C80EDB6C-D42B-49E0-B1E4-1F18B8A62B3C}.Debug|Any CPU.Build.0 = Debug|Any CPU
		{C80EDB6C-D42B-49E0-B1E4-1F18B8A62B3C}.Debug|x64.ActiveCfg = Debug|Any CPU
		{C80EDB6C-D42B-49E0-B1E4-1F18B8A62B3C}.Debug|x64.Build.0 = Debug|Any CPU
		{C80EDB6C-D42B-49E0-B1E4-1F18B8A62B3C}.Debug|x86.ActiveCfg = Debug|Any CPU
		{C80EDB6C-D42B-49E0-B1E4-1F18B8A62B3C}.Debug|x86.Build.0 = Debug|Any CPU
		{C80EDB6C-D42B-49E0-B1E4-1F18B8A62B3C}.Release|Any CPU.ActiveCfg = Release|Any CPU
		{C80EDB6C-D42B-49E0-B1E4-1F18B8A62B3C}.Release|Any CPU.Build.0 = Release|Any CPU
		{C80EDB6C-D42B-49E0-B1E4-1F18B8A62B3C}.Release|x64.ActiveCfg = Release|Any CPU
		{C80EDB6C-D42B-49E0-B1E4-1F18B8A62B3C}.Release|x64.Build.0 = Release|Any CPU
		{C80EDB6C-D42B-49E0-B1E4-1F18B8A62B3C}.Release|x86.ActiveCfg = Release|Any CPU
		{C80EDB6C-D42B-49E0-B1E4-1F18B8A62B3C}.Release|x86.Build.0 = Release|Any CPU
		{81B99793-4806-4098-8677-4C2238F38AC9}.Debug|Any CPU.ActiveCfg = Debug|Any CPU
		{81B99793-4806-4098-8677-4C2238F38AC9}.Debug|Any CPU.Build.0 = Debug|Any CPU
		{81B99793-4806-4098-8677-4C2238F38AC9}.Debug|x64.ActiveCfg = Debug|Any CPU
		{81B99793-4806-4098-8677-4C2238F38AC9}.Debug|x64.Build.0 = Debug|Any CPU
		{81B99793-4806-4098-8677-4C2238F38AC9}.Debug|x86.ActiveCfg = Debug|Any CPU
		{81B99793-4806-4098-8677-4C2238F38AC9}.Debug|x86.Build.0 = Debug|Any CPU
		{81B99793-4806-4098-8677-4C2238F38AC9}.Release|Any CPU.ActiveCfg = Release|Any CPU
		{81B99793-4806-4098-8677-4C2238F38AC9}.Release|Any CPU.Build.0 = Release|Any CPU
		{81B99793-4806-4098-8677-4C2238F38AC9}.Release|x64.ActiveCfg = Release|Any CPU
		{81B99793-4806-4098-8677-4C2238F38AC9}.Release|x64.Build.0 = Release|Any CPU
		{81B99793-4806-4098-8677-4C2238F38AC9}.Release|x86.ActiveCfg = Release|Any CPU
		{81B99793-4806-4098-8677-4C2238F38AC9}.Release|x86.Build.0 = Release|Any CPU
		{31EA9791-A4A8-4DB4-B232-F4C415D164C9}.Debug|Any CPU.ActiveCfg = Debug|Any CPU
		{31EA9791-A4A8-4DB4-B232-F4C415D164C9}.Debug|Any CPU.Build.0 = Debug|Any CPU
		{31EA9791-A4A8-4DB4-B232-F4C415D164C9}.Debug|x64.ActiveCfg = Debug|Any CPU
		{31EA9791-A4A8-4DB4-B232-F4C415D164C9}.Debug|x64.Build.0 = Debug|Any CPU
		{31EA9791-A4A8-4DB4-B232-F4C415D164C9}.Debug|x86.ActiveCfg = Debug|Any CPU
		{31EA9791-A4A8-4DB4-B232-F4C415D164C9}.Debug|x86.Build.0 = Debug|Any CPU
		{31EA9791-A4A8-4DB4-B232-F4C415D164C9}.Release|Any CPU.ActiveCfg = Release|Any CPU
		{31EA9791-A4A8-4DB4-B232-F4C415D164C9}.Release|Any CPU.Build.0 = Release|Any CPU
		{31EA9791-A4A8-4DB4-B232-F4C415D164C9}.Release|x64.ActiveCfg = Release|Any CPU
		{31EA9791-A4A8-4DB4-B232-F4C415D164C9}.Release|x64.Build.0 = Release|Any CPU
		{31EA9791-A4A8-4DB4-B232-F4C415D164C9}.Release|x86.ActiveCfg = Release|Any CPU
		{31EA9791-A4A8-4DB4-B232-F4C415D164C9}.Release|x86.Build.0 = Release|Any CPU
		{B64085ED-37D6-4606-A869-9AF071151818}.Debug|Any CPU.ActiveCfg = Debug|Any CPU
		{B64085ED-37D6-4606-A869-9AF071151818}.Debug|Any CPU.Build.0 = Debug|Any CPU
		{B64085ED-37D6-4606-A869-9AF071151818}.Debug|x64.ActiveCfg = Debug|Any CPU
		{B64085ED-37D6-4606-A869-9AF071151818}.Debug|x64.Build.0 = Debug|Any CPU
		{B64085ED-37D6-4606-A869-9AF071151818}.Debug|x86.ActiveCfg = Debug|Any CPU
		{B64085ED-37D6-4606-A869-9AF071151818}.Debug|x86.Build.0 = Debug|Any CPU
		{B64085ED-37D6-4606-A869-9AF071151818}.Release|Any CPU.ActiveCfg = Release|Any CPU
		{B64085ED-37D6-4606-A869-9AF071151818}.Release|Any CPU.Build.0 = Release|Any CPU
		{B64085ED-37D6-4606-A869-9AF071151818}.Release|x64.ActiveCfg = Release|Any CPU
		{B64085ED-37D6-4606-A869-9AF071151818}.Release|x64.Build.0 = Release|Any CPU
		{B64085ED-37D6-4606-A869-9AF071151818}.Release|x86.ActiveCfg = Release|Any CPU
		{B64085ED-37D6-4606-A869-9AF071151818}.Release|x86.Build.0 = Release|Any CPU
		{F3E6EE99-77C3-4607-91C5-5BFD47582689}.Debug|Any CPU.ActiveCfg = Debug|Any CPU
		{F3E6EE99-77C3-4607-91C5-5BFD47582689}.Debug|Any CPU.Build.0 = Debug|Any CPU
		{F3E6EE99-77C3-4607-91C5-5BFD47582689}.Debug|x64.ActiveCfg = Debug|Any CPU
		{F3E6EE99-77C3-4607-91C5-5BFD47582689}.Debug|x64.Build.0 = Debug|Any CPU
		{F3E6EE99-77C3-4607-91C5-5BFD47582689}.Debug|x86.ActiveCfg = Debug|Any CPU
		{F3E6EE99-77C3-4607-91C5-5BFD47582689}.Debug|x86.Build.0 = Debug|Any CPU
		{F3E6EE99-77C3-4607-91C5-5BFD47582689}.Release|Any CPU.ActiveCfg = Release|Any CPU
		{F3E6EE99-77C3-4607-91C5-5BFD47582689}.Release|Any CPU.Build.0 = Release|Any CPU
		{F3E6EE99-77C3-4607-91C5-5BFD47582689}.Release|x64.ActiveCfg = Release|Any CPU
		{F3E6EE99-77C3-4607-91C5-5BFD47582689}.Release|x64.Build.0 = Release|Any CPU
		{F3E6EE99-77C3-4607-91C5-5BFD47582689}.Release|x86.ActiveCfg = Release|Any CPU
		{F3E6EE99-77C3-4607-91C5-5BFD47582689}.Release|x86.Build.0 = Release|Any CPU
	EndGlobalSection
EndGlobal
